# This file is automatically @generated by Cargo.
# It is not intended for manual editing.
version = 4

[[package]]
name = "cache"
version = "0.1.0"

[[package]]
name = "cache-tests"
version = "0.1.0"
dependencies = [
 "cache",
]

[[package]]
name = "lru"
version = "0.1.0"
dependencies = [
 "cache",
 "cache-tests",
]

[[package]]
name = "nonevicting_cache"
version = "0.1.0"
dependencies = [
 "cache",
 "cache-tests",
]

[[package]]
name = "null_cache"
version = "0.1.0"
dependencies = [
 "cache",
 "cache-tests",
]

[[package]]
name = "rr_cache"
version = "0.1.0"
dependencies = [
 "cache",
 "cache-tests",
]
