# This file is automatically @generated by Cargo.
# It is not intended for manual editing.
version = 4

[[package]]
name = "cache"
version = "0.1.0"

[[package]]
name = "cache-tests"
version = "0.1.0"
dependencies = [
 "cache",
]

[[package]]
name = "equivalent"
version = "1.0.2"
source = "registry+https://github.com/rust-lang/crates.io-index"
checksum = "877a4ace8713b0bcf2a4e7eec82529c029f1d0619886d18145fea96c3ffe5c0f"

[[package]]
name = "hashbrown"
version = "0.17.1"
source = "registry+https://github.com/rust-lang/crates.io-index"
checksum = "ed5909b6e89a2db4456e54cd5f673791d7eca6732202bbf2a9cc504fe2f9b84a"

[[package]]
name = "indexmap"
version = "2.14.2"
source = "registry+https://github.com/rust-lang/crates.io-index"
checksum = "cc4e190f5d26ca7051642629da2c52fc03bde85a03197c99408dcd291734c855"
dependencies = [
 "equivalent",
 "hashbrown",
]

[[package]]
name = "keyed_priority_queue"
version = "0.4.2"
source = "registry+https://github.com/rust-lang/crates.io-index"
checksum = "4ee7893dab2e44ae5f9d0173f26ff4aa327c10b01b06a72b52dd9405b628640d"
dependencies = [
 "indexmap",
]

[[package]]
name = "lru"
version = "0.1.0"
dependencies = [
 "cache",
 "cache-tests",
 "keyed_priority_queue",
]

[[package]]
name = "nonevicting_cache"
version = "0.1.0"
dependencies = [
 "cache",
 "cache-tests",
]

[[package]]
name = "null_cache"
version = "0.1.0"
dependencies = [
 "cache",
 "cache-tests",
]

[[package]]
name = "rr_cache"
version = "0.1.0"
dependencies = [
 "cache",
 "cache-tests",
]
