# This file is automatically @generated by Cargo.
# It is not intended for manual editing.
version = 3

[[package]]
name = "chomp"
version = "0.1.0"
dependencies = [
 "prompted",
]

[[package]]
name = "prompted"
version = "0.2.7"
source = "registry+https://github.com/rust-lang/crates.io-index"
checksum = "3e4dab7e3c92b18f45d828c2abe0d27181b67c46040b3c6d079764652fb2a9dd"
